{
  "name": "Zephyr",
  "lockfileVersion": 3,
  "requires": true,
  "packages": {
    "": {
      "dependencies": {
        "@prisma/client": "^5.7.0"
      }
    },
    "node_modules/@prisma/client": {
      "version": "5.7.0",
      "resolved": "https://registry.npmjs.org/@prisma/client/-/client-5.7.0.tgz",
      "integrity": "sha512-cZmglCrfNbYpzUtz7HscVHl38e9CrUs31nrVoGUK1nIPXGgt8hT4jj2s657UXcNdQ/jBUxDgGmHyu2Nyrq1txg==",
      "hasInstallScript": true,
      "engines": {
        "node": ">=16.13"
      },
      "peerDependencies": {
        "prisma": "*"
      },
      "peerDependenciesMeta": {
        "prisma": {
          "optional": true
        }
      }
    }
  }
}
